
Microsoft Visual Studio Solution File, Format Version 12.00
# Visual Studio Version 16
VisualStudioVersion = 16.0.33214.272
MinimumVisualStudioVersion = 10.0.40219.1
Project("{FAE04EC0-301F-11D3-BF4B-00C04F79EFBC}") = "PokedexProyecto", "PokedexProyecto\PokedexProyecto.csproj", "{39148BF4-6A88-46F1-B3B9-DBB21796F0A0}"
EndProject
Project("{FAE04EC0-301F-11D3-BF4B-00C04F79EFBC}") = "ClaseNegocio", "ClaseNegocio\ClaseNegocio.csproj", "{4A920E9B-0A4C-4822-ABE1-C328966E23C5}"
EndProject
Project("{FAE04EC0-301F-11D3-BF4B-00C04F79EFBC}") = "ModeloDeDominio", "ModeloDeDominio\ModeloDeDominio.csproj", "{3CDE4810-A247-45DA-B6CE-8E4F265471A2}"
EndProject
Global
	GlobalSection(SolutionConfigurationPlatforms) = preSolution
		Debug|Any CPU = Debug|Any CPU
		Release|Any CPU = Release|Any CPU
	EndGlobalSection
	GlobalSection(ProjectConfigurationPlatforms) = postSolution
		{39148BF4-6A88-46F1-B3B9-DBB21796F0A0}.Debug|Any CPU.ActiveCfg = Debug|Any CPU
		{39148BF4-6A88-46F1-B3B9-DBB21796F0A0}.Debug|Any CPU.Build.0 = Debug|Any CPU
		{39148BF4-6A88-46F1-B3B9-DBB21796F0A0}.Release|Any CPU.ActiveCfg = Release|Any CPU
		{39148BF4-6A88-46F1-B3B9-DBB21796F0A0}.Release|Any CPU.Build.0 = Release|Any CPU
		{4A920E9B-0A4C-4822-ABE1-C328966E23C5}.Debug|Any CPU.ActiveCfg = Debug|Any CPU
		{4A920E9B-0A4C-4822-ABE1-C328966E23C5}.Debug|Any CPU.Build.0 = Debug|Any CPU
		{4A920E9B-0A4C-4822-ABE1-C328966E23C5}.Release|Any CPU.ActiveCfg = Release|Any CPU
		{4A920E9B-0A4C-4822-ABE1-C328966E23C5}.Release|Any CPU.Build.0 = Release|Any CPU
		{3CDE4810-A247-45DA-B6CE-8E4F265471A2}.Debug|Any CPU.ActiveCfg = Debug|Any CPU
		{3CDE4810-A247-45DA-B6CE-8E4F265471A2}.Debug|Any CPU.Build.0 = Debug|Any CPU
		{3CDE4810-A247-45DA-B6CE-8E4F265471A2}.Release|Any CPU.ActiveCfg = Release|Any CPU
		{3CDE4810-A247-45DA-B6CE-8E4F265471A2}.Release|Any CPU.Build.0 = Release|Any CPU
	EndGlobalSection
	GlobalSection(SolutionProperties) = preSolution
		HideSolutionNode = FALSE
	EndGlobalSection
	GlobalSection(ExtensibilityGlobals) = postSolution
		SolutionGuid = {174F58F6-893F-48F6-AC4A-5A8EC8FE03AF}
	EndGlobalSection
EndGlobal
