
Microsoft Visual Studio Solution File, Format Version 12.00
# Visual Studio 2013
VisualStudioVersion = 12.0.31101.0
MinimumVisualStudioVersion = 10.0.40219.1
Project("{FAE04EC0-301F-11D3-BF4B-00C04F79EFBC}") = "TrackbarTestApplication", "TrackbarTest\TrackbarTestApplication.csproj", "{0082A7F1-AAD6-48AD-B779-E4333A742E5F}"
EndProject
Project("{FAE04EC0-301F-11D3-BF4B-00C04F79EFBC}") = "WinampComponents", "WinampComponents\WinampComponents.csproj", "{5A910B52-6AB0-4F84-875D-FFF8893A4383}"
EndProject
Project("{FAE04EC0-301F-11D3-BF4B-00C04F79EFBC}") = "WinampComponentsUnitTests", "WinampComponentsUnitTests\WinampComponentsUnitTests.csproj", "{B7137408-84E8-4741-A337-9410919CE31D}"
EndProject
Global
	GlobalSection(SolutionConfigurationPlatforms) = preSolution
		Debug|Any CPU = Debug|Any CPU
		Release|Any CPU = Release|Any CPU
	EndGlobalSection
	GlobalSection(ProjectConfigurationPlatforms) = postSolution
		{0082A7F1-AAD6-48AD-B779-E4333A742E5F}.Debug|Any CPU.ActiveCfg = Debug|Any CPU
		{0082A7F1-AAD6-48AD-B779-E4333A742E5F}.Debug|Any CPU.Build.0 = Debug|Any CPU
		{0082A7F1-AAD6-48AD-B779-E4333A742E5F}.Release|Any CPU.ActiveCfg = Release|Any CPU
		{0082A7F1-AAD6-48AD-B779-E4333A742E5F}.Release|Any CPU.Build.0 = Release|Any CPU
		{5A910B52-6AB0-4F84-875D-FFF8893A4383}.Debug|Any CPU.ActiveCfg = Debug|Any CPU
		{5A910B52-6AB0-4F84-875D-FFF8893A4383}.Debug|Any CPU.Build.0 = Debug|Any CPU
		{5A910B52-6AB0-4F84-875D-FFF8893A4383}.Release|Any CPU.ActiveCfg = Release|Any CPU
		{5A910B52-6AB0-4F84-875D-FFF8893A4383}.Release|Any CPU.Build.0 = Release|Any CPU
		{B7137408-84E8-4741-A337-9410919CE31D}.Debug|Any CPU.ActiveCfg = Debug|Any CPU
		{B7137408-84E8-4741-A337-9410919CE31D}.Debug|Any CPU.Build.0 = Debug|Any CPU
		{B7137408-84E8-4741-A337-9410919CE31D}.Release|Any CPU.ActiveCfg = Release|Any CPU
		{B7137408-84E8-4741-A337-9410919CE31D}.Release|Any CPU.Build.0 = Release|Any CPU
	EndGlobalSection
	GlobalSection(SolutionProperties) = preSolution
		HideSolutionNode = FALSE
	EndGlobalSection
EndGlobal
