
Microsoft Visual Studio Solution File, Format Version 12.00
# Visual Studio Version 16
VisualStudioVersion = 16.0.33214.272
MinimumVisualStudioVersion = 10.0.40219.1
Project("{FAE04EC0-301F-11D3-BF4B-00C04F79EFBC}") = "AppCodigoDeArticulos", "AppCodigoDeArticulos\AppCodigoDeArticulos.csproj", "{24DEB4EE-87AF-4B50-A2F5-4A48C4470D98}"
EndProject
Project("{FAE04EC0-301F-11D3-BF4B-00C04F79EFBC}") = "NegocioConDB", "NegocioConDB\NegocioConDB.csproj", "{29AA1527-494A-4031-8211-A1AAC166F286}"
EndProject
Project("{FAE04EC0-301F-11D3-BF4B-00C04F79EFBC}") = "ModeloDeDominio", "ModeloDeDominio\ModeloDeDominio.csproj", "{66333685-FF32-4816-8C46-2A0984C09B81}"
EndProject
Global
	GlobalSection(SolutionConfigurationPlatforms) = preSolution
		Debug|Any CPU = Debug|Any CPU
		Release|Any CPU = Release|Any CPU
	EndGlobalSection
	GlobalSection(ProjectConfigurationPlatforms) = postSolution
		{24DEB4EE-87AF-4B50-A2F5-4A48C4470D98}.Debug|Any CPU.ActiveCfg = Debug|Any CPU
		{24DEB4EE-87AF-4B50-A2F5-4A48C4470D98}.Debug|Any CPU.Build.0 = Debug|Any CPU
		{24DEB4EE-87AF-4B50-A2F5-4A48C4470D98}.Release|Any CPU.ActiveCfg = Release|Any CPU
		{24DEB4EE-87AF-4B50-A2F5-4A48C4470D98}.Release|Any CPU.Build.0 = Release|Any CPU
		{29AA1527-494A-4031-8211-A1AAC166F286}.Debug|Any CPU.ActiveCfg = Debug|Any CPU
		{29AA1527-494A-4031-8211-A1AAC166F286}.Debug|Any CPU.Build.0 = Debug|Any CPU
		{29AA1527-494A-4031-8211-A1AAC166F286}.Release|Any CPU.ActiveCfg = Release|Any CPU
		{29AA1527-494A-4031-8211-A1AAC166F286}.Release|Any CPU.Build.0 = Release|Any CPU
		{66333685-FF32-4816-8C46-2A0984C09B81}.Debug|Any CPU.ActiveCfg = Debug|Any CPU
		{66333685-FF32-4816-8C46-2A0984C09B81}.Debug|Any CPU.Build.0 = Debug|Any CPU
		{66333685-FF32-4816-8C46-2A0984C09B81}.Release|Any CPU.ActiveCfg = Release|Any CPU
		{66333685-FF32-4816-8C46-2A0984C09B81}.Release|Any CPU.Build.0 = Release|Any CPU
	EndGlobalSection
	GlobalSection(SolutionProperties) = preSolution
		HideSolutionNode = FALSE
	EndGlobalSection
	GlobalSection(ExtensibilityGlobals) = postSolution
		SolutionGuid = {FD7CC71A-B571-4856-BE5D-991E7F08B5DF}
	EndGlobalSection
EndGlobal
