
Microsoft Visual Studio Solution File, Format Version 12.00
# Visual Studio Version 17
VisualStudioVersion = 17.12.35514.174
MinimumVisualStudioVersion = 10.0.40219.1
Project("{2150E333-8FDC-42A3-9474-1A3956D46DE8}") = "src", "src", "{8CDC0189-3643-40BA-A947-56C0138EE5FF}"
EndProject
Project("{2150E333-8FDC-42A3-9474-1A3956D46DE8}") = "test", "test", "{611D369A-D15A-43C3-9D30-2E1D5126E3D3}"
EndProject
Project("{2150E333-8FDC-42A3-9474-1A3956D46DE8}") = "Core", "Core", "{9BA643A1-81AB-4CBB-B510-ABC4501EAB3C}"
EndProject
Project("{2150E333-8FDC-42A3-9474-1A3956D46DE8}") = "Infrastructure", "Infrastructure", "{3D2C9759-4116-4D74-AB47-BEC5A6E0646E}"
EndProject
Project("{2150E333-8FDC-42A3-9474-1A3956D46DE8}") = "Presentation", "Presentation", "{114ABBB2-A871-4F9F-87E7-BA6C9940AC4E}"
EndProject
Project("{FAE04EC0-301F-11D3-BF4B-00C04F79EFBC}") = "NotesApp.Application", "NotesApp.Application\NotesApp.Application.csproj", "{88706B93-9BB4-4DA4-9B9E-6A35491DF24B}"
EndProject
Project("{FAE04EC0-301F-11D3-BF4B-00C04F79EFBC}") = "NotesApp.Domain", "NotesApp.Domain\NotesApp.Domain.csproj", "{AF815354-597B-47E4-93FB-00CA2110C666}"
EndProject
Project("{FAE04EC0-301F-11D3-BF4B-00C04F79EFBC}") = "NotesApp.Data", "NotesApp.Data\NotesApp.Data.csproj", "{8EC1C769-7D5A-409F-8EB3-0C3C922DCB1B}"
EndProject
Project("{FAE04EC0-301F-11D3-BF4B-00C04F79EFBC}") = "NotesApp.Repository", "NotesApp.Repository\NotesApp.Repository.csproj", "{7E557EF1-02B4-4A1F-9A7B-BB4B957A5C45}"
EndProject
Project("{FAE04EC0-301F-11D3-BF4B-00C04F79EFBC}") = "NotesApp.Models", "NotesApp.Models\NotesApp.Models.csproj", "{C70925EE-D498-4EBB-8D07-84B857109835}"
EndProject
Project("{FAE04EC0-301F-11D3-BF4B-00C04F79EFBC}") = "NotesApp.Mapper", "NotesApp.Mapper\NotesApp.Mapper.csproj", "{902AF05E-F72A-4435-B6B0-3E84A49849F2}"
EndProject
Project("{FAE04EC0-301F-11D3-BF4B-00C04F79EFBC}") = "NotesApp.Security", "NotesApp.Security\NotesApp.Security.csproj", "{02A87BC2-42BA-4E4F-B462-5F524466C7E4}"
EndProject
Project("{FAE04EC0-301F-11D3-BF4B-00C04F79EFBC}") = "NotesApp.PresentationController", "NotesApp.PresentationController\NotesApp.PresentationController.csproj", "{DBA50701-90A3-452F-9095-322D1620AD00}"
EndProject
Project("{FAE04EC0-301F-11D3-BF4B-00C04F79EFBC}") = "Notes.App.NUnitTests", "Notes.App.NUnitTests\Notes.App.NUnitTests.csproj", "{4600DCFB-D94F-4903-8086-50E8D1B33675}"
EndProject
Global
	GlobalSection(SolutionConfigurationPlatforms) = preSolution
		Debug|Any CPU = Debug|Any CPU
		Release|Any CPU = Release|Any CPU
	EndGlobalSection
	GlobalSection(ProjectConfigurationPlatforms) = postSolution
		{88706B93-9BB4-4DA4-9B9E-6A35491DF24B}.Debug|Any CPU.ActiveCfg = Debug|Any CPU
		{88706B93-9BB4-4DA4-9B9E-6A35491DF24B}.Debug|Any CPU.Build.0 = Debug|Any CPU
		{88706B93-9BB4-4DA4-9B9E-6A35491DF24B}.Release|Any CPU.ActiveCfg = Release|Any CPU
		{88706B93-9BB4-4DA4-9B9E-6A35491DF24B}.Release|Any CPU.Build.0 = Release|Any CPU
		{AF815354-597B-47E4-93FB-00CA2110C666}.Debug|Any CPU.ActiveCfg = Debug|Any CPU
		{AF815354-597B-47E4-93FB-00CA2110C666}.Debug|Any CPU.Build.0 = Debug|Any CPU
		{AF815354-597B-47E4-93FB-00CA2110C666}.Release|Any CPU.ActiveCfg = Release|Any CPU
		{AF815354-597B-47E4-93FB-00CA2110C666}.Release|Any CPU.Build.0 = Release|Any CPU
		{8EC1C769-7D5A-409F-8EB3-0C3C922DCB1B}.Debug|Any CPU.ActiveCfg = Debug|Any CPU
		{8EC1C769-7D5A-409F-8EB3-0C3C922DCB1B}.Debug|Any CPU.Build.0 = Debug|Any CPU
		{8EC1C769-7D5A-409F-8EB3-0C3C922DCB1B}.Release|Any CPU.ActiveCfg = Release|Any CPU
		{8EC1C769-7D5A-409F-8EB3-0C3C922DCB1B}.Release|Any CPU.Build.0 = Release|Any CPU
		{7E557EF1-02B4-4A1F-9A7B-BB4B957A5C45}.Debug|Any CPU.ActiveCfg = Debug|Any CPU
		{7E557EF1-02B4-4A1F-9A7B-BB4B957A5C45}.Debug|Any CPU.Build.0 = Debug|Any CPU
		{7E557EF1-02B4-4A1F-9A7B-BB4B957A5C45}.Release|Any CPU.ActiveCfg = Release|Any CPU
		{7E557EF1-02B4-4A1F-9A7B-BB4B957A5C45}.Release|Any CPU.Build.0 = Release|Any CPU
		{C70925EE-D498-4EBB-8D07-84B857109835}.Debug|Any CPU.ActiveCfg = Debug|Any CPU
		{C70925EE-D498-4EBB-8D07-84B857109835}.Debug|Any CPU.Build.0 = Debug|Any CPU
		{C70925EE-D498-4EBB-8D07-84B857109835}.Release|Any CPU.ActiveCfg = Release|Any CPU
		{C70925EE-D498-4EBB-8D07-84B857109835}.Release|Any CPU.Build.0 = Release|Any CPU
		{902AF05E-F72A-4435-B6B0-3E84A49849F2}.Debug|Any CPU.ActiveCfg = Debug|Any CPU
		{902AF05E-F72A-4435-B6B0-3E84A49849F2}.Debug|Any CPU.Build.0 = Debug|Any CPU
		{902AF05E-F72A-4435-B6B0-3E84A49849F2}.Release|Any CPU.ActiveCfg = Release|Any CPU
		{902AF05E-F72A-4435-B6B0-3E84A49849F2}.Release|Any CPU.Build.0 = Release|Any CPU
		{02A87BC2-42BA-4E4F-B462-5F524466C7E4}.Debug|Any CPU.ActiveCfg = Debug|Any CPU
		{02A87BC2-42BA-4E4F-B462-5F524466C7E4}.Debug|Any CPU.Build.0 = Debug|Any CPU
		{02A87BC2-42BA-4E4F-B462-5F524466C7E4}.Release|Any CPU.ActiveCfg = Release|Any CPU
		{02A87BC2-42BA-4E4F-B462-5F524466C7E4}.Release|Any CPU.Build.0 = Release|Any CPU
		{DBA50701-90A3-452F-9095-322D1620AD00}.Debug|Any CPU.ActiveCfg = Debug|Any CPU
		{DBA50701-90A3-452F-9095-322D1620AD00}.Debug|Any CPU.Build.0 = Debug|Any CPU
		{DBA50701-90A3-452F-9095-322D1620AD00}.Release|Any CPU.ActiveCfg = Release|Any CPU
		{DBA50701-90A3-452F-9095-322D1620AD00}.Release|Any CPU.Build.0 = Release|Any CPU
		{4600DCFB-D94F-4903-8086-50E8D1B33675}.Debug|Any CPU.ActiveCfg = Debug|Any CPU
		{4600DCFB-D94F-4903-8086-50E8D1B33675}.Debug|Any CPU.Build.0 = Debug|Any CPU
		{4600DCFB-D94F-4903-8086-50E8D1B33675}.Release|Any CPU.ActiveCfg = Release|Any CPU
		{4600DCFB-D94F-4903-8086-50E8D1B33675}.Release|Any CPU.Build.0 = Release|Any CPU
	EndGlobalSection
	GlobalSection(SolutionProperties) = preSolution
		HideSolutionNode = FALSE
	EndGlobalSection
	GlobalSection(NestedProjects) = preSolution
		{9BA643A1-81AB-4CBB-B510-ABC4501EAB3C} = {8CDC0189-3643-40BA-A947-56C0138EE5FF}
		{3D2C9759-4116-4D74-AB47-BEC5A6E0646E} = {8CDC0189-3643-40BA-A947-56C0138EE5FF}
		{114ABBB2-A871-4F9F-87E7-BA6C9940AC4E} = {8CDC0189-3643-40BA-A947-56C0138EE5FF}
		{88706B93-9BB4-4DA4-9B9E-6A35491DF24B} = {9BA643A1-81AB-4CBB-B510-ABC4501EAB3C}
		{AF815354-597B-47E4-93FB-00CA2110C666} = {9BA643A1-81AB-4CBB-B510-ABC4501EAB3C}
		{8EC1C769-7D5A-409F-8EB3-0C3C922DCB1B} = {3D2C9759-4116-4D74-AB47-BEC5A6E0646E}
		{7E557EF1-02B4-4A1F-9A7B-BB4B957A5C45} = {3D2C9759-4116-4D74-AB47-BEC5A6E0646E}
		{C70925EE-D498-4EBB-8D07-84B857109835} = {3D2C9759-4116-4D74-AB47-BEC5A6E0646E}
		{902AF05E-F72A-4435-B6B0-3E84A49849F2} = {3D2C9759-4116-4D74-AB47-BEC5A6E0646E}
		{02A87BC2-42BA-4E4F-B462-5F524466C7E4} = {3D2C9759-4116-4D74-AB47-BEC5A6E0646E}
		{DBA50701-90A3-452F-9095-322D1620AD00} = {114ABBB2-A871-4F9F-87E7-BA6C9940AC4E}
		{4600DCFB-D94F-4903-8086-50E8D1B33675} = {611D369A-D15A-43C3-9D30-2E1D5126E3D3}
	EndGlobalSection
EndGlobal
